
Microsoft Visual Studio Solution File, Format Version 12.00
# Visual Studio Version 17
VisualStudioVersion = 17.2.32616.157
MinimumVisualStudioVersion = 10.0.40219.1
Project("{9A19103F-16F7-4668-BE54-9A1E7A4F7556}") = "ProginovAPITools", "ProginovAPITools\ProginovAPITools.csproj", "{EE4528F9-EA1C-4266-8461-7D6BDBEC26BC}"
EndProject
Project("{9A19103F-16F7-4668-BE54-9A1E7A4F7556}") = "UnitTests", "UnitTests\UnitTests.csproj", "{69FFA020-CFFB-4316-ACA7-4E00D8998381}"
EndProject
Project("{9A19103F-16F7-4668-BE54-9A1E7A4F7556}") = "TestConsole", "TestConsole\TestConsole.csproj", "{1569C2DE-71C0-45E5-BEA9-8E9376D78944}"
EndProject
Project("{FAE04EC0-301F-11D3-BF4B-00C04F79EFBC}") = "TestApp", "TestApp\TestApp.csproj", "{22D9D748-576E-472C-867A-E6AF5AE2611E}"
EndProject
Global
	GlobalSection(SolutionConfigurationPlatforms) = preSolution
		Debug|Any CPU = Debug|Any CPU
		Release|Any CPU = Release|Any CPU
	EndGlobalSection
	GlobalSection(ProjectConfigurationPlatforms) = postSolution
		{EE4528F9-EA1C-4266-8461-7D6BDBEC26BC}.Debug|Any CPU.ActiveCfg = Debug|Any CPU
		{EE4528F9-EA1C-4266-8461-7D6BDBEC26BC}.Debug|Any CPU.Build.0 = Debug|Any CPU
		{EE4528F9-EA1C-4266-8461-7D6BDBEC26BC}.Release|Any CPU.ActiveCfg = Release|Any CPU
		{EE4528F9-EA1C-4266-8461-7D6BDBEC26BC}.Release|Any CPU.Build.0 = Release|Any CPU
		{69FFA020-CFFB-4316-ACA7-4E00D8998381}.Debug|Any CPU.ActiveCfg = Debug|Any CPU
		{69FFA020-CFFB-4316-ACA7-4E00D8998381}.Debug|Any CPU.Build.0 = Debug|Any CPU
		{69FFA020-CFFB-4316-ACA7-4E00D8998381}.Release|Any CPU.ActiveCfg = Release|Any CPU
		{69FFA020-CFFB-4316-ACA7-4E00D8998381}.Release|Any CPU.Build.0 = Release|Any CPU
		{1569C2DE-71C0-45E5-BEA9-8E9376D78944}.Debug|Any CPU.ActiveCfg = Debug|Any CPU
		{1569C2DE-71C0-45E5-BEA9-8E9376D78944}.Debug|Any CPU.Build.0 = Debug|Any CPU
		{1569C2DE-71C0-45E5-BEA9-8E9376D78944}.Release|Any CPU.ActiveCfg = Release|Any CPU
		{1569C2DE-71C0-45E5-BEA9-8E9376D78944}.Release|Any CPU.Build.0 = Release|Any CPU
		{22D9D748-576E-472C-867A-E6AF5AE2611E}.Debug|Any CPU.ActiveCfg = Debug|Any CPU
		{22D9D748-576E-472C-867A-E6AF5AE2611E}.Debug|Any CPU.Build.0 = Debug|Any CPU
		{22D9D748-576E-472C-867A-E6AF5AE2611E}.Release|Any CPU.ActiveCfg = Release|Any CPU
		{22D9D748-576E-472C-867A-E6AF5AE2611E}.Release|Any CPU.Build.0 = Release|Any CPU
	EndGlobalSection
	GlobalSection(SolutionProperties) = preSolution
		HideSolutionNode = FALSE
	EndGlobalSection
	GlobalSection(ExtensibilityGlobals) = postSolution
		SolutionGuid = {9764DE27-4C7A-4D9F-9E06-7003BFF56B23}
	EndGlobalSection
EndGlobal
